{
  "requires": true,
  "lockfileVersion": 1,
  "dependencies": {
    "@aws-cdk/assets": {
      "version": "1.99.0",
      "resolved": "https://registry.npmjs.org/@aws-cdk/assets/-/assets-1.99.0.tgz",
      "integrity": "sha512-potfY11kTspy/RTqKSKZW2QTB5Hj5cl31vYJqIjmGI17Z3wB4D+OZTDLjykSzyRh1HZsYZfYe+j5uKiJ41WOMQ==",
      "requires": {
        "@aws-cdk/core": "1.99.0",
        "@aws-cdk/cx-api": "1.99.0",
        "constructs": "^3.3.69"
      }
    },
    "@aws-cdk/aws-applicationautoscaling": {
      "version": "1.99.0",
      "resolved": "https://registry.npmjs.org/@aws-cdk/aws-applicationautoscaling/-/aws-applicationautoscaling-1.99.0.tgz",
      "integrity": "sha512-4JpZdw2K29W/Bt6Sw2hP23CZzzbsF+HUVrSl8yGNLx5DIwvrNZKOdHuyp02Q45LQwmcE4G9NVQ5QkWkqVukKHQ==",
      "requires": {
        "@aws-cdk/aws-autoscaling-common": "1.99.0",
        "@aws-cdk/aws-cloudwatch": "1.99.0",
        "@aws-cdk/aws-iam": "1.99.0",
        "@aws-cdk/core": "1.99.0",
        "constructs": "^3.3.69"
      }
    },
    "@aws-cdk/aws-autoscaling-common": {
      "version": "1.99.0",
      "resolved": "https://registry.npmjs.org/@aws-cdk/aws-autoscaling-common/-/aws-autoscaling-common-1.99.0.tgz",
      "integrity": "sha512-Cg+/OMSnilIkdqJAXI6/43figwZLpjsowK2bsoJc7GgHJt0MPGTj603KQjiPMxhk2yi4gFBK1Zgm8zQTHRkTDQ==",
      "requires": {
        "@aws-cdk/aws-iam": "1.99.0",
        "@aws-cdk/core": "1.99.0",
        "constructs": "^3.3.69"
      }
    },
    "@aws-cdk/aws-cloudformation": {
      "version": "1.99.0",
      "resolved": "https://registry.npmjs.org/@aws-cdk/aws-cloudformation/-/aws-cloudformation-1.99.0.tgz",
      "integrity": "sha512-aFAtOeDk95dYLzMLYd6ZcAVJ92L30ow1pv4nkaDKeCOGP69sMP1ximlVLY+83/AchvD3cFtgBpIR1nx1vECKmQ==",
      "requires": {
        "@aws-cdk/aws-iam": "1.99.0",
        "@aws-cdk/aws-lambda": "1.99.0",
        "@aws-cdk/aws-s3": "1.99.0",
        "@aws-cdk/aws-sns": "1.99.0",
        "@aws-cdk/core": "1.99.0",
        "@aws-cdk/cx-api": "1.99.0",
        "constructs": "^3.3.69"
      }
    },
    "@aws-cdk/aws-cloudwatch": {
      "version": "1.99.0",
      "resolved": "https://registry.npmjs.org/@aws-cdk/aws-cloudwatch/-/aws-cloudwatch-1.99.0.tgz",
      "integrity": "sha512-/rmeqT7WIDQk03KFuiuuBAPIv+doWgNQ8qdMs7wkaWZqDaXVZgV3yqDSHHsueGbQPGPSlSKhah4DntxlIdiXeg==",
      "requires": {
        "@aws-cdk/aws-iam": "1.99.0",
        "@aws-cdk/core": "1.99.0",
        "constructs": "^3.3.69"
      }
    },
    "@aws-cdk/aws-codeguruprofiler": {
      "version": "1.99.0",
      "resolved": "https://registry.npmjs.org/@aws-cdk/aws-codeguruprofiler/-/aws-codeguruprofiler-1.99.0.tgz",
      "integrity": "sha512-Z6KVvhIawIw36kKaEB27u9QOO+cCbhA+EsBHVT2slFrMCxHw46iAzqP6vxiW39GBZbsas5ZpHczDDiNJEsFQBQ==",
      "requires": {
        "@aws-cdk/aws-iam": "1.99.0",
        "@aws-cdk/core": "1.99.0",
        "constructs": "^3.3.69"
      }
    },
    "@aws-cdk/aws-dynamodb": {
      "version": "1.99.0",
      "resolved": "https://registry.npmjs.org/@aws-cdk/aws-dynamodb/-/aws-dynamodb-1.99.0.tgz",
      "integrity": "sha512-fH8iS6HoFxp7NhamY3A5f8C9NlBYQFNCEI5Jk6BCMqbg/v20m2JZMpXai0txdzV82ipjQb1grQ/0XXjMadWl1w==",
      "requires": {
        "@aws-cdk/aws-applicationautoscaling": "1.99.0",
        "@aws-cdk/aws-cloudwatch": "1.99.0",
        "@aws-cdk/aws-iam": "1.99.0",
        "@aws-cdk/aws-kms": "1.99.0",
        "@aws-cdk/aws-lambda": "1.99.0",
        "@aws-cdk/core": "1.99.0",
        "@aws-cdk/custom-resources": "1.99.0",
        "constructs": "^3.3.69"
      }
    },
    "@aws-cdk/aws-ec2": {
      "version": "1.99.0",
      "resolved": "https://registry.npmjs.org/@aws-cdk/aws-ec2/-/aws-ec2-1.99.0.tgz",
      "integrity": "sha512-8hbr+kq1rTGsscTmcQ4DRLmn2pWuKiw4Of0YKGi888+TCohZ4+0LxEQOhb4zWNWwAI+wb60btnylO5S76DpnBA==",
      "requires": {
        "@aws-cdk/aws-cloudwatch": "1.99.0",
        "@aws-cdk/aws-iam": "1.99.0",
        "@aws-cdk/aws-kms": "1.99.0",
        "@aws-cdk/aws-logs": "1.99.0",
        "@aws-cdk/aws-s3": "1.99.0",
        "@aws-cdk/aws-s3-assets": "1.99.0",
        "@aws-cdk/aws-ssm": "1.99.0",
        "@aws-cdk/cloud-assembly-schema": "1.99.0",
        "@aws-cdk/core": "1.99.0",
        "@aws-cdk/cx-api": "1.99.0",
        "@aws-cdk/region-info": "1.99.0",
        "constructs": "^3.3.69"
      }
    },
    "@aws-cdk/aws-ecr": {
      "version": "1.99.0",
      "resolved": "https://registry.npmjs.org/@aws-cdk/aws-ecr/-/aws-ecr-1.99.0.tgz",
      "integrity": "sha512-lCj2p1cLzkBohLUJHrN1B3T21LD1druyMQFL961tl81ssYUaIDALvHjjPVfCbX9cmHgBgnrxk9HT8UI+u7+51A==",
      "requires": {
        "@aws-cdk/aws-events": "1.99.0",
        "@aws-cdk/aws-iam": "1.99.0",
        "@aws-cdk/core": "1.99.0",
        "constructs": "^3.3.69"
      }
    },
    "@aws-cdk/aws-ecr-assets": {
      "version": "1.99.0",
      "resolved": "https://registry.npmjs.org/@aws-cdk/aws-ecr-assets/-/aws-ecr-assets-1.99.0.tgz",
      "integrity": "sha512-gteMIaQZtXKJssTT3PFD4TOiP5nZXPIEXt2TXfakafNu9kkOhM/XLTbjJgs9mhbJDoqiVrjttLCjtpZ8uYDgaw==",
      "requires": {
        "@aws-cdk/assets": "1.99.0",
        "@aws-cdk/aws-ecr": "1.99.0",
        "@aws-cdk/aws-iam": "1.99.0",
        "@aws-cdk/aws-s3": "1.99.0",
        "@aws-cdk/core": "1.99.0",
        "@aws-cdk/cx-api": "1.99.0",
        "constructs": "^3.3.69",
        "minimatch": "^3.0.4"
      },
      "dependencies": {
        "balanced-match": {
          "version": "1.0.0",
          "bundled": true
        },
        "brace-expansion": {
          "version": "1.1.11",
          "bundled": true,
          "requires": {
            "balanced-match": "^1.0.0",
            "concat-map": "0.0.1"
          }
        },
        "concat-map": {
          "version": "0.0.1",
          "bundled": true
        },
        "minimatch": {
          "version": "3.0.4",
          "bundled": true,
          "requires": {
            "brace-expansion": "^1.1.7"
          }
        }
      }
    },
    "@aws-cdk/aws-efs": {
      "version": "1.99.0",
      "resolved": "https://registry.npmjs.org/@aws-cdk/aws-efs/-/aws-efs-1.99.0.tgz",
      "integrity": "sha512-b8h991ATOTjiB3oLGHdgsNMwR/dfHehNlL/98K4lA+bXjU3fhMGR1Llgg2jgxXa0VuXhf6tK2f+8oXIByU1VRQ==",
      "requires": {
        "@aws-cdk/aws-ec2": "1.99.0",
        "@aws-cdk/aws-kms": "1.99.0",
        "@aws-cdk/cloud-assembly-schema": "1.99.0",
        "@aws-cdk/core": "1.99.0",
        "@aws-cdk/cx-api": "1.99.0",
        "constructs": "^3.3.69"
      }
    },
    "@aws-cdk/aws-events": {
      "version": "1.99.0",
      "resolved": "https://registry.npmjs.org/@aws-cdk/aws-events/-/aws-events-1.99.0.tgz",
      "integrity": "sha512-TzGfdgRNYMVtep74GJgzraLDyhAcj/y8O34svusKJCIrIIqMMbFt4f0hUHZf+2Xe+oLw1qnjBlsQlnBaLohusw==",
      "requires": {
        "@aws-cdk/aws-iam": "1.99.0",
        "@aws-cdk/core": "1.99.0",
        "constructs": "^3.3.69"
      }
    },
    "@aws-cdk/aws-iam": {
      "version": "1.99.0",
      "resolved": "https://registry.npmjs.org/@aws-cdk/aws-iam/-/aws-iam-1.99.0.tgz",
      "integrity": "sha512-h3r8Af1dq/TU+MvVC1AAA+RM7qcvkzRBaWRPbOdmlpVfPMxX+QTcoJTCL284EJpcM7P8KbgYKSOBn/8IuuVs5Q==",
      "requires": {
        "@aws-cdk/core": "1.99.0",
        "@aws-cdk/region-info": "1.99.0",
        "constructs": "^3.3.69"
      }
    },
    "@aws-cdk/aws-kms": {
      "version": "1.99.0",
      "resolved": "https://registry.npmjs.org/@aws-cdk/aws-kms/-/aws-kms-1.99.0.tgz",
      "integrity": "sha512-MyENmdg7KW3tjZeGu8vpUzkILlbY1MLzl+25q4J0DMkujy1CkSGFZUg/Uzjg71uV5BWrHxnkKxuCrOPzfM1EqA==",
      "requires": {
        "@aws-cdk/aws-iam": "1.99.0",
        "@aws-cdk/core": "1.99.0",
        "@aws-cdk/cx-api": "1.99.0",
        "constructs": "^3.3.69"
      }
    },
    "@aws-cdk/aws-lambda": {
      "version": "1.99.0",
      "resolved": "https://registry.npmjs.org/@aws-cdk/aws-lambda/-/aws-lambda-1.99.0.tgz",
      "integrity": "sha512-FKUtWx6nlkhWRDnq23elGNIvMphY+m7PPJgPn950x4mLGfl5n86F/5xHgqR+7Bt2tDzvoA5bUnOn+IDyt3ULTg==",
      "requires": {
        "@aws-cdk/aws-applicationautoscaling": "1.99.0",
        "@aws-cdk/aws-cloudwatch": "1.99.0",
        "@aws-cdk/aws-codeguruprofiler": "1.99.0",
        "@aws-cdk/aws-ec2": "1.99.0",
        "@aws-cdk/aws-ecr": "1.99.0",
        "@aws-cdk/aws-ecr-assets": "1.99.0",
        "@aws-cdk/aws-efs": "1.99.0",
        "@aws-cdk/aws-events": "1.99.0",
        "@aws-cdk/aws-iam": "1.99.0",
        "@aws-cdk/aws-kms": "1.99.0",
        "@aws-cdk/aws-logs": "1.99.0",
        "@aws-cdk/aws-s3": "1.99.0",
        "@aws-cdk/aws-s3-assets": "1.99.0",
        "@aws-cdk/aws-signer": "1.99.0",
        "@aws-cdk/aws-sqs": "1.99.0",
        "@aws-cdk/core": "1.99.0",
        "@aws-cdk/cx-api": "1.99.0",
        "constructs": "^3.3.69"
      }
    },
    "@aws-cdk/aws-logs": {
      "version": "1.99.0",
      "resolved": "https://registry.npmjs.org/@aws-cdk/aws-logs/-/aws-logs-1.99.0.tgz",
      "integrity": "sha512-Cm1fio4le4kALF8zxs/98Bteqf/WAMIxTjydRb3wC9471lQXpSYpPehSNdm8Xj1hYnQ1rk8ZmLXeXRo1GWrwqw==",
      "requires": {
        "@aws-cdk/aws-cloudwatch": "1.99.0",
        "@aws-cdk/aws-iam": "1.99.0",
        "@aws-cdk/aws-kms": "1.99.0",
        "@aws-cdk/aws-s3-assets": "1.99.0",
        "@aws-cdk/core": "1.99.0",
        "constructs": "^3.3.69"
      }
    },
    "@aws-cdk/aws-s3": {
      "version": "1.99.0",
      "resolved": "https://registry.npmjs.org/@aws-cdk/aws-s3/-/aws-s3-1.99.0.tgz",
      "integrity": "sha512-pL/dYf5MBE390u6LszKv/dP7axpmahSMYJ/U+s45ZEp7gISFFAClpFNdYVj2IZX7i6DzoE5PTDPhPN6vloRuuQ==",
      "requires": {
        "@aws-cdk/aws-events": "1.99.0",
        "@aws-cdk/aws-iam": "1.99.0",
        "@aws-cdk/aws-kms": "1.99.0",
        "@aws-cdk/core": "1.99.0",
        "@aws-cdk/cx-api": "1.99.0",
        "constructs": "^3.3.69"
      }
    },
    "@aws-cdk/aws-s3-assets": {
      "version": "1.99.0",
      "resolved": "https://registry.npmjs.org/@aws-cdk/aws-s3-assets/-/aws-s3-assets-1.99.0.tgz",
      "integrity": "sha512-WKkzeCOie1IzEzfYZVeKtHNzTy9j0GUEdKXHooEyrAlvGVMLqHS1eVi3ysKlhxCugcVUDTVNJTwOJT/G3Mxw/A==",
      "requires": {
        "@aws-cdk/assets": "1.99.0",
        "@aws-cdk/aws-iam": "1.99.0",
        "@aws-cdk/aws-kms": "1.99.0",
        "@aws-cdk/aws-s3": "1.99.0",
        "@aws-cdk/core": "1.99.0",
        "@aws-cdk/cx-api": "1.99.0",
        "constructs": "^3.3.69"
      }
    },
    "@aws-cdk/aws-signer": {
      "version": "1.99.0",
      "resolved": "https://registry.npmjs.org/@aws-cdk/aws-signer/-/aws-signer-1.99.0.tgz",
      "integrity": "sha512-x20Hj6k2ajVgvYDbI/wbp8AB6jz1JJOUS6sNyVpJLgiwW8A0DDOj3o0el2bihmpSRXSSwWu1O/4EWxYO9aqHfA==",
      "requires": {
        "@aws-cdk/core": "1.99.0",
        "constructs": "^3.3.69"
      }
    },
    "@aws-cdk/aws-sns": {
      "version": "1.99.0",
      "resolved": "https://registry.npmjs.org/@aws-cdk/aws-sns/-/aws-sns-1.99.0.tgz",
      "integrity": "sha512-hdO5VYKlibgowfIU41miDqLdLhNPSl+dJLS/wdClyCqP+6kqEhMZBURlMkz689t4Wv39pCAM3/utcZeGR9JBVw==",
      "requires": {
        "@aws-cdk/aws-cloudwatch": "1.99.0",
        "@aws-cdk/aws-events": "1.99.0",
        "@aws-cdk/aws-iam": "1.99.0",
        "@aws-cdk/aws-kms": "1.99.0",
        "@aws-cdk/aws-sqs": "1.99.0",
        "@aws-cdk/core": "1.99.0",
        "constructs": "^3.3.69"
      }
    },
    "@aws-cdk/aws-sqs": {
      "version": "1.99.0",
      "resolved": "https://registry.npmjs.org/@aws-cdk/aws-sqs/-/aws-sqs-1.99.0.tgz",
      "integrity": "sha512-LOxPTTbuL6LrVFmKpj/kifOy9QHiMsw5jZQLvDNJRS1tLh55jpwEAG2IH3dCLF4PGdmrDFNIe9JZuWyL8QlITw==",
      "requires": {
        "@aws-cdk/aws-cloudwatch": "1.99.0",
        "@aws-cdk/aws-iam": "1.99.0",
        "@aws-cdk/aws-kms": "1.99.0",
        "@aws-cdk/core": "1.99.0",
        "constructs": "^3.3.69"
      }
    },
    "@aws-cdk/aws-ssm": {
      "version": "1.99.0",
      "resolved": "https://registry.npmjs.org/@aws-cdk/aws-ssm/-/aws-ssm-1.99.0.tgz",
      "integrity": "sha512-6gP7MeLJwUzzW4WBHf9J4bNQsp4/7VHHNi2EETLhe7mCTKZwZpSD6gdXLKafmpzrGTSkrWl2xhU43/eZyK1GBQ==",
      "requires": {
        "@aws-cdk/aws-iam": "1.99.0",
        "@aws-cdk/aws-kms": "1.99.0",
        "@aws-cdk/cloud-assembly-schema": "1.99.0",
        "@aws-cdk/core": "1.99.0",
        "constructs": "^3.3.69"
      }
    },
    "@aws-cdk/cloud-assembly-schema": {
      "version": "1.99.0",
      "resolved": "https://registry.npmjs.org/@aws-cdk/cloud-assembly-schema/-/cloud-assembly-schema-1.99.0.tgz",
      "integrity": "sha512-4wfPYbeI22TBYMIHHeBwn93fnK2RZi0IFoxD50vDXycOgvc4OqPu+jFoXntJXz0dgaZqvzQAEGQAj8kRC3rLOg==",
      "requires": {
        "jsonschema": "^1.4.0",
        "semver": "^7.3.5"
      },
      "dependencies": {
        "jsonschema": {
          "version": "1.4.0",
          "bundled": true
        },
        "lru-cache": {
          "version": "6.0.0",
          "bundled": true,
          "requires": {
            "yallist": "^4.0.0"
          }
        },
        "semver": {
          "version": "7.3.5",
          "bundled": true,
          "requires": {
            "lru-cache": "^6.0.0"
          }
        },
        "yallist": {
          "version": "4.0.0",
          "bundled": true
        }
      }
    },
    "@aws-cdk/core": {
      "version": "1.99.0",
      "resolved": "https://registry.npmjs.org/@aws-cdk/core/-/core-1.99.0.tgz",
      "integrity": "sha512-ePmP44wSpvDywp4joVkxa1UdO/VHo3XqFtP2Mq9W1u8rm1MfDnNAhE9FXRpYdmb5DkQ8dg0D6eeleiBADBnYsg==",
      "requires": {
        "@aws-cdk/cloud-assembly-schema": "1.99.0",
        "@aws-cdk/cx-api": "1.99.0",
        "@aws-cdk/region-info": "1.99.0",
        "@balena/dockerignore": "^1.0.2",
        "constructs": "^3.3.69",
        "fs-extra": "^9.1.0",
        "ignore": "^5.1.8",
        "minimatch": "^3.0.4"
      },
      "dependencies": {
        "@balena/dockerignore": {
          "version": "1.0.2",
          "bundled": true
        },
        "at-least-node": {
          "version": "1.0.0",
          "bundled": true
        },
        "balanced-match": {
          "version": "1.0.0",
          "bundled": true
        },
        "brace-expansion": {
          "version": "1.1.11",
          "bundled": true,
          "requires": {
            "balanced-match": "^1.0.0",
            "concat-map": "0.0.1"
          }
        },
        "concat-map": {
          "version": "0.0.1",
          "bundled": true
        },
        "fs-extra": {
          "version": "9.1.0",
          "bundled": true,
          "requires": {
            "at-least-node": "^1.0.0",
            "graceful-fs": "^4.2.0",
            "jsonfile": "^6.0.1",
            "universalify": "^2.0.0"
          }
        },
        "graceful-fs": {
          "version": "4.2.6",
          "bundled": true
        },
        "ignore": {
          "version": "5.1.8",
          "bundled": true
        },
        "jsonfile": {
          "version": "6.1.0",
          "bundled": true,
          "requires": {
            "graceful-fs": "^4.1.6",
            "universalify": "^2.0.0"
          }
        },
        "minimatch": {
          "version": "3.0.4",
          "bundled": true,
          "requires": {
            "brace-expansion": "^1.1.7"
          }
        },
        "universalify": {
          "version": "2.0.0",
          "bundled": true
        }
      }
    },
    "@aws-cdk/custom-resources": {
      "version": "1.99.0",
      "resolved": "https://registry.npmjs.org/@aws-cdk/custom-resources/-/custom-resources-1.99.0.tgz",
      "integrity": "sha512-CZIMiGaiDA78YfdgN3i234CvNL0OeldTvey9lVpFVPlnTf5uo6zZMv/uQaX557SvUOHv5D/YvwxRUC5pI3EQUA==",
      "requires": {
        "@aws-cdk/aws-cloudformation": "1.99.0",
        "@aws-cdk/aws-ec2": "1.99.0",
        "@aws-cdk/aws-iam": "1.99.0",
        "@aws-cdk/aws-lambda": "1.99.0",
        "@aws-cdk/aws-logs": "1.99.0",
        "@aws-cdk/aws-sns": "1.99.0",
        "@aws-cdk/core": "1.99.0",
        "constructs": "^3.3.69"
      }
    },
    "@aws-cdk/cx-api": {
      "version": "1.99.0",
      "resolved": "https://registry.npmjs.org/@aws-cdk/cx-api/-/cx-api-1.99.0.tgz",
      "integrity": "sha512-mf9QSU2VgY1J+nZ26C6YqGWPCmO/KKMOAydl8biryqWefp5zYOnIOWFVxouGBHX5DZGqTdKZNnmPrTt0dcIWqg==",
      "requires": {
        "@aws-cdk/cloud-assembly-schema": "1.99.0",
        "semver": "^7.3.5"
      },
      "dependencies": {
        "lru-cache": {
          "version": "6.0.0",
          "bundled": true,
          "requires": {
            "yallist": "^4.0.0"
          }
        },
        "semver": {
          "version": "7.3.5",
          "bundled": true,
          "requires": {
            "lru-cache": "^6.0.0"
          }
        },
        "yallist": {
          "version": "4.0.0",
          "bundled": true
        }
      }
    },
    "@aws-cdk/region-info": {
      "version": "1.99.0",
      "resolved": "https://registry.npmjs.org/@aws-cdk/region-info/-/region-info-1.99.0.tgz",
      "integrity": "sha512-sKHIRAminwCBQn6IWRhDAlaQNku42xuGk/G3NxCUzL2v4LqBC7xJZfyYoxBEfera6yDv6rg5Jv+/L/tS+T2xLw=="
    },
    "constructs": {
      "version": "3.3.71",
      "resolved": "https://registry.npmjs.org/constructs/-/constructs-3.3.71.tgz",
      "integrity": "sha512-3KFtTsA7OV27m/+pJhN4iJkKzHbPIPvyvEX5BQ/JCAWjfCHOQEVpIgxHLpT4i8L1OFta+pJrzcEVAHo6UitwqA=="
    }
  }
}
